// !$*UTF8*$!
{
	archiveVersion = 1;
	classes = {
	};
	objectVersion = 56;
	objects = {

/* Begin PBXBuildFile section */
		3E3D7E8F2BDF37F3005857DD /* CoverImageView.swift in Sources */ = {isa = PBXBuildFile; fileRef = 3E3D7E8E2BDF37F3005857DD /* CoverImageView.swift */; };
		3E3D7E922BDF38F1005857DD /* CoverImageModel.swift in Sources */ = {isa = PBXBuildFile; fileRef = 3E3D7E912BDF38F1005857DD /* CoverImageModel.swift */; };
		3E3D7E952BDF39D6005857DD /* Bundle+Ext.swift in Sources */ = {isa = PBXBuildFile; fileRef = 3E3D7E942BDF39D6005857DD /* Bundle+Ext.swift */; };
		3E3D7E982BDF43CA005857DD /* AnimalModel.swift in Sources */ = {isa = PBXBuildFile; fileRef = 3E3D7E972BDF43CA005857DD /* AnimalModel.swift */; };
		3E3D7E9A2BDF44ED005857DD /* AnimalListItemView.swift in Sources */ = {isa = PBXBuildFile; fileRef = 3E3D7E992BDF44ED005857DD /* AnimalListItemView.swift */; };
		3E5B14052BDF32A70049ADD4 /* AnimaliaApp.swift in Sources */ = {isa = PBXBuildFile; fileRef = 3E5B14042BDF32A70049ADD4 /* AnimaliaApp.swift */; };
		3E5B14072BDF32A70049ADD4 /* BrowseView.swift in Sources */ = {isa = PBXBuildFile; fileRef = 3E5B14062BDF32A70049ADD4 /* BrowseView.swift */; };
		3E5B14092BDF32A80049ADD4 /* Assets.xcassets in Resources */ = {isa = PBXBuildFile; fileRef = 3E5B14082BDF32A80049ADD4 /* Assets.xcassets */; };
		3E5B140C2BDF32A80049ADD4 /* Preview Assets.xcassets in Resources */ = {isa = PBXBuildFile; fileRef = 3E5B140B2BDF32A80049ADD4 /* Preview Assets.xcassets */; };
		3E5B141A2BDF35AF0049ADD4 /* animals.json in Resources */ = {isa = PBXBuildFile; fileRef = 3E5B14152BDF35AF0049ADD4 /* animals.json */; };
		3E5B141B2BDF35AF0049ADD4 /* covers.json in Resources */ = {isa = PBXBuildFile; fileRef = 3E5B14162BDF35AF0049ADD4 /* covers.json */; };
		3E5B141C2BDF35AF0049ADD4 /* locations.json in Resources */ = {isa = PBXBuildFile; fileRef = 3E5B14172BDF35AF0049ADD4 /* locations.json */; };
		3E5B141D2BDF35AF0049ADD4 /* videos.json in Resources */ = {isa = PBXBuildFile; fileRef = 3E5B14182BDF35AF0049ADD4 /* videos.json */; };
		3E5B14292BDF35DD0049ADD4 /* cheetah.mp4 in Resources */ = {isa = PBXBuildFile; fileRef = 3E5B141E2BDF35DD0049ADD4 /* cheetah.mp4 */; };
		3E5B142A2BDF35DD0049ADD4 /* elephant.mp4 in Resources */ = {isa = PBXBuildFile; fileRef = 3E5B141F2BDF35DD0049ADD4 /* elephant.mp4 */; };
		3E5B142B2BDF35DD0049ADD4 /* giraffe.mp4 in Resources */ = {isa = PBXBuildFile; fileRef = 3E5B14202BDF35DD0049ADD4 /* giraffe.mp4 */; };
		3E5B142C2BDF35DD0049ADD4 /* gorilla.mp4 in Resources */ = {isa = PBXBuildFile; fileRef = 3E5B14212BDF35DD0049ADD4 /* gorilla.mp4 */; };
		3E5B142D2BDF35DD0049ADD4 /* hippo.mp4 in Resources */ = {isa = PBXBuildFile; fileRef = 3E5B14222BDF35DD0049ADD4 /* hippo.mp4 */; };
		3E5B142E2BDF35DD0049ADD4 /* lion.mp4 in Resources */ = {isa = PBXBuildFile; fileRef = 3E5B14232BDF35DD0049ADD4 /* lion.mp4 */; };
		3E5B142F2BDF35DD0049ADD4 /* lioness.mp4 in Resources */ = {isa = PBXBuildFile; fileRef = 3E5B14242BDF35DD0049ADD4 /* lioness.mp4 */; };
		3E5B14302BDF35DD0049ADD4 /* ostrich.mp4 in Resources */ = {isa = PBXBuildFile; fileRef = 3E5B14252BDF35DD0049ADD4 /* ostrich.mp4 */; };
		3E5B14312BDF35DD0049ADD4 /* rhino.mp4 in Resources */ = {isa = PBXBuildFile; fileRef = 3E5B14262BDF35DD0049ADD4 /* rhino.mp4 */; };
		3E5B14322BDF35DD0049ADD4 /* zebra.mp4 in Resources */ = {isa = PBXBuildFile; fileRef = 3E5B14272BDF35DD0049ADD4 /* zebra.mp4 */; };
		3ED97C532BDF503700E7185A /* OctagonImageFrame.swift in Sources */ = {isa = PBXBuildFile; fileRef = 3ED97C522BDF503700E7185A /* OctagonImageFrame.swift */; };
		3ED97C552BDF5D1C00E7185A /* AnimalGridItemView.swift in Sources */ = {isa = PBXBuildFile; fileRef = 3ED97C542BDF5D1C00E7185A /* AnimalGridItemView.swift */; };
		3ED97C572BDF60CF00E7185A /* MainView.swift in Sources */ = {isa = PBXBuildFile; fileRef = 3ED97C562BDF60CF00E7185A /* MainView.swift */; };
		3ED97C592BDF774900E7185A /* AnimalDetailView.swift in Sources */ = {isa = PBXBuildFile; fileRef = 3ED97C582BDF774900E7185A /* AnimalDetailView.swift */; };
		3ED97C5B2BDF7CBD00E7185A /* HeadingView.swift in Sources */ = {isa = PBXBuildFile; fileRef = 3ED97C5A2BDF7CBC00E7185A /* HeadingView.swift */; };
		3ED97C5D2BDF7F5A00E7185A /* InsetGalleryView.swift in Sources */ = {isa = PBXBuildFile; fileRef = 3ED97C5C2BDF7F5A00E7185A /* InsetGalleryView.swift */; };
		3ED97C5F2BDF829100E7185A /* InsetFactView.swift in Sources */ = {isa = PBXBuildFile; fileRef = 3ED97C5E2BDF829100E7185A /* InsetFactView.swift */; };
		3ED97C612BDF8B4300E7185A /* InsetMapView.swift in Sources */ = {isa = PBXBuildFile; fileRef = 3ED97C602BDF8B4300E7185A /* InsetMapView.swift */; };
		3ED97C632BDF8E2100E7185A /* CLLocation+Ext.swift in Sources */ = {isa = PBXBuildFile; fileRef = 3ED97C622BDF8E2100E7185A /* CLLocation+Ext.swift */; };
		3ED97C652BDF946400E7185A /* ExternalWebLinkView.swift in Sources */ = {isa = PBXBuildFile; fileRef = 3ED97C642BDF946400E7185A /* ExternalWebLinkView.swift */; };
		3ED97C6C2BE08F5C00E7185A /* VideoModel.swift in Sources */ = {isa = PBXBuildFile; fileRef = 3ED97C6B2BE08F5C00E7185A /* VideoModel.swift */; };
		3ED97C712BE0909100E7185A /* VideoPlayerHelper.swift in Sources */ = {isa = PBXBuildFile; fileRef = 3ED97C702BE0909100E7185A /* VideoPlayerHelper.swift */; };
		3ED97C732BE0920700E7185A /* VideoPlayerView.swift in Sources */ = {isa = PBXBuildFile; fileRef = 3ED97C722BE0920700E7185A /* VideoPlayerView.swift */; };
		3ED97C752BE096A500E7185A /* VideoListItemView.swift in Sources */ = {isa = PBXBuildFile; fileRef = 3ED97C742BE096A500E7185A /* VideoListItemView.swift */; };
		3ED97C772BE098E900E7185A /* WatchView.swift in Sources */ = {isa = PBXBuildFile; fileRef = 3ED97C762BE098E900E7185A /* WatchView.swift */; };
		3ED97C792BE09DD600E7185A /* GalleryView.swift in Sources */ = {isa = PBXBuildFile; fileRef = 3ED97C782BE09DD600E7185A /* GalleryView.swift */; };
		3ED97C7C2BE09E2D00E7185A /* MotionAnimationView.swift in Sources */ = {isa = PBXBuildFile; fileRef = 3ED97C7B2BE09E2D00E7185A /* MotionAnimationView.swift */; };
/* End PBXBuildFile section */

/* Begin PBXFileReference section */
		3E3D7E8E2BDF37F3005857DD /* CoverImageView.swift */ = {isa = PBXFileReference; lastKnownFileType = sourcecode.swift; path = CoverImageView.swift; sourceTree = "<group>"; };
		3E3D7E912BDF38F1005857DD /* CoverImageModel.swift */ = {isa = PBXFileReference; lastKnownFileType = sourcecode.swift; path = CoverImageModel.swift; sourceTree = "<group>"; };
		3E3D7E942BDF39D6005857DD /* Bundle+Ext.swift */ = {isa = PBXFileReference; lastKnownFileType = sourcecode.swift; path = "Bundle+Ext.swift"; sourceTree = "<group>"; };
		3E3D7E962BDF3FD2005857DD /* Info.plist */ = {isa = PBXFileReference; lastKnownFileType = text.plist; path = Info.plist; sourceTree = "<group>"; };
		3E3D7E972BDF43CA005857DD /* AnimalModel.swift */ = {isa = PBXFileReference; lastKnownFileType = sourcecode.swift; path = AnimalModel.swift; sourceTree = "<group>"; };
		3E3D7E992BDF44ED005857DD /* AnimalListItemView.swift */ = {isa = PBXFileReference; lastKnownFileType = sourcecode.swift; path = AnimalListItemView.swift; sourceTree = "<group>"; };
		3E5B14012BDF32A70049ADD4 /* Animalia.app */ = {isa = PBXFileReference; explicitFileType = wrapper.application; includeInIndex = 0; path = Animalia.app; sourceTree = BUILT_PRODUCTS_DIR; };
		3E5B14042BDF32A70049ADD4 /* AnimaliaApp.swift */ = {isa = PBXFileReference; lastKnownFileType = sourcecode.swift; path = AnimaliaApp.swift; sourceTree = "<group>"; };
		3E5B14062BDF32A70049ADD4 /* BrowseView.swift */ = {isa = PBXFileReference; lastKnownFileType = sourcecode.swift; path = BrowseView.swift; sourceTree = "<group>"; };
		3E5B14082BDF32A80049ADD4 /* Assets.xcassets */ = {isa = PBXFileReference; lastKnownFileType = folder.assetcatalog; path = Assets.xcassets; sourceTree = "<group>"; };
		3E5B140B2BDF32A80049ADD4 /* Preview Assets.xcassets */ = {isa = PBXFileReference; lastKnownFileType = folder.assetcatalog; path = "Preview Assets.xcassets"; sourceTree = "<group>"; };
		3E5B14152BDF35AF0049ADD4 /* animals.json */ = {isa = PBXFileReference; fileEncoding = 4; lastKnownFileType = text.json; path = animals.json; sourceTree = "<group>"; };
		3E5B14162BDF35AF0049ADD4 /* covers.json */ = {isa = PBXFileReference; fileEncoding = 4; lastKnownFileType = text.json; path = covers.json; sourceTree = "<group>"; };
		3E5B14172BDF35AF0049ADD4 /* locations.json */ = {isa = PBXFileReference; fileEncoding = 4; lastKnownFileType = text.json; path = locations.json; sourceTree = "<group>"; };
		3E5B14182BDF35AF0049ADD4 /* videos.json */ = {isa = PBXFileReference; fileEncoding = 4; lastKnownFileType = text.json; path = videos.json; sourceTree = "<group>"; };
		3E5B141E2BDF35DD0049ADD4 /* cheetah.mp4 */ = {isa = PBXFileReference; lastKnownFileType = file; path = cheetah.mp4; sourceTree = "<group>"; };
		3E5B141F2BDF35DD0049ADD4 /* elephant.mp4 */ = {isa = PBXFileReference; lastKnownFileType = file; path = elephant.mp4; sourceTree = "<group>"; };
		3E5B14202BDF35DD0049ADD4 /* giraffe.mp4 */ = {isa = PBXFileReference; lastKnownFileType = file; path = giraffe.mp4; sourceTree = "<group>"; };
		3E5B14212BDF35DD0049ADD4 /* gorilla.mp4 */ = {isa = PBXFileReference; lastKnownFileType = file; path = gorilla.mp4; sourceTree = "<group>"; };
		3E5B14222BDF35DD0049ADD4 /* hippo.mp4 */ = {isa = PBXFileReference; lastKnownFileType = file; path = hippo.mp4; sourceTree = "<group>"; };
		3E5B14232BDF35DD0049ADD4 /* lion.mp4 */ = {isa = PBXFileReference; lastKnownFileType = file; path = lion.mp4; sourceTree = "<group>"; };
		3E5B14242BDF35DD0049ADD4 /* lioness.mp4 */ = {isa = PBXFileReference; lastKnownFileType = file; path = lioness.mp4; sourceTree = "<group>"; };
		3E5B14252BDF35DD0049ADD4 /* ostrich.mp4 */ = {isa = PBXFileReference; lastKnownFileType = file; path = ostrich.mp4; sourceTree = "<group>"; };
		3E5B14262BDF35DD0049ADD4 /* rhino.mp4 */ = {isa = PBXFileReference; lastKnownFileType = file; path = rhino.mp4; sourceTree = "<group>"; };
		3E5B14272BDF35DD0049ADD4 /* zebra.mp4 */ = {isa = PBXFileReference; lastKnownFileType = file; path = zebra.mp4; sourceTree = "<group>"; };
		3ED97C522BDF503700E7185A /* OctagonImageFrame.swift */ = {isa = PBXFileReference; lastKnownFileType = sourcecode.swift; path = OctagonImageFrame.swift; sourceTree = "<group>"; };
		3ED97C542BDF5D1C00E7185A /* AnimalGridItemView.swift */ = {isa = PBXFileReference; lastKnownFileType = sourcecode.swift; path = AnimalGridItemView.swift; sourceTree = "<group>"; };
		3ED97C562BDF60CF00E7185A /* MainView.swift */ = {isa = PBXFileReference; lastKnownFileType = sourcecode.swift; path = MainView.swift; sourceTree = "<group>"; };
		3ED97C582BDF774900E7185A /* AnimalDetailView.swift */ = {isa = PBXFileReference; lastKnownFileType = sourcecode.swift; path = AnimalDetailView.swift; sourceTree = "<group>"; };
		3ED97C5A2BDF7CBC00E7185A /* HeadingView.swift */ = {isa = PBXFileReference; lastKnownFileType = sourcecode.swift; path = HeadingView.swift; sourceTree = "<group>"; };
		3ED97C5C2BDF7F5A00E7185A /* InsetGalleryView.swift */ = {isa = PBXFileReference; lastKnownFileType = sourcecode.swift; path = InsetGalleryView.swift; sourceTree = "<group>"; };
		3ED97C5E2BDF829100E7185A /* InsetFactView.swift */ = {isa = PBXFileReference; lastKnownFileType = sourcecode.swift; path = InsetFactView.swift; sourceTree = "<group>"; };
		3ED97C602BDF8B4300E7185A /* InsetMapView.swift */ = {isa = PBXFileReference; lastKnownFileType = sourcecode.swift; path = InsetMapView.swift; sourceTree = "<group>"; };
		3ED97C622BDF8E2100E7185A /* CLLocation+Ext.swift */ = {isa = PBXFileReference; lastKnownFileType = sourcecode.swift; path = "CLLocation+Ext.swift"; sourceTree = "<group>"; };
		3ED97C642BDF946400E7185A /* ExternalWebLinkView.swift */ = {isa = PBXFileReference; lastKnownFileType = sourcecode.swift; path = ExternalWebLinkView.swift; sourceTree = "<group>"; };
		3ED97C6B2BE08F5C00E7185A /* VideoModel.swift */ = {isa = PBXFileReference; lastKnownFileType = sourcecode.swift; path = VideoModel.swift; sourceTree = "<group>"; };
		3ED97C702BE0909100E7185A /* VideoPlayerHelper.swift */ = {isa = PBXFileReference; lastKnownFileType = sourcecode.swift; path = VideoPlayerHelper.swift; sourceTree = "<group>"; };
		3ED97C722BE0920700E7185A /* VideoPlayerView.swift */ = {isa = PBXFileReference; lastKnownFileType = sourcecode.swift; path = VideoPlayerView.swift; sourceTree = "<group>"; };
		3ED97C742BE096A500E7185A /* VideoListItemView.swift */ = {isa = PBXFileReference; lastKnownFileType = sourcecode.swift; path = VideoListItemView.swift; sourceTree = "<group>"; };
		3ED97C762BE098E900E7185A /* WatchView.swift */ = {isa = PBXFileReference; lastKnownFileType = sourcecode.swift; path = WatchView.swift; sourceTree = "<group>"; };
		3ED97C782BE09DD600E7185A /* GalleryView.swift */ = {isa = PBXFileReference; lastKnownFileType = sourcecode.swift; path = GalleryView.swift; sourceTree = "<group>"; };
		3ED97C7B2BE09E2D00E7185A /* MotionAnimationView.swift */ = {isa = PBXFileReference; lastKnownFileType = sourcecode.swift; path = MotionAnimationView.swift; sourceTree = "<group>"; };
/* End PBXFileReference section */

/* Begin PBXFrameworksBuildPhase section */
		3E5B13FE2BDF32A70049ADD4 /* Frameworks */ = {
			isa = PBXFrameworksBuildPhase;
			buildActionMask = 2147483647;
			files = (
			);
			runOnlyForDeploymentPostprocessing = 0;
		};
/* End PBXFrameworksBuildPhase section */

/* Begin PBXGroup section */
		3E3D7E8C2BDF37A1005857DD /* Modules */ = {
			isa = PBXGroup;
			children = (
				3ED97C692BE08E8200E7185A /* ViewModels */,
				3E3D7E902BDF384E005857DD /* Models */,
				3E3D7E8D2BDF37B2005857DD /* Screen */,
			);
			path = Modules;
			sourceTree = "<group>";
		};
		3E3D7E8D2BDF37B2005857DD /* Screen */ = {
			isa = PBXGroup;
			children = (
				3ED97C7A2BE09E0300E7185A /* Gallery */,
				3ED97C682BE08E1900E7185A /* Browse */,
				3ED97C672BE08E0E00E7185A /* Watch */,
				3E3D7E992BDF44ED005857DD /* AnimalListItemView.swift */,
				3ED97C522BDF503700E7185A /* OctagonImageFrame.swift */,
				3ED97C542BDF5D1C00E7185A /* AnimalGridItemView.swift */,
				3ED97C582BDF774900E7185A /* AnimalDetailView.swift */,
			);
			path = Screen;
			sourceTree = "<group>";
		};
		3E3D7E902BDF384E005857DD /* Models */ = {
			isa = PBXGroup;
			children = (
				3E3D7E912BDF38F1005857DD /* CoverImageModel.swift */,
				3E3D7E972BDF43CA005857DD /* AnimalModel.swift */,
				3ED97C6B2BE08F5C00E7185A /* VideoModel.swift */,
			);
			path = Models;
			sourceTree = "<group>";
		};
		3E3D7E932BDF3986005857DD /* Extensions */ = {
			isa = PBXGroup;
			children = (
				3E3D7E942BDF39D6005857DD /* Bundle+Ext.swift */,
				3ED97C622BDF8E2100E7185A /* CLLocation+Ext.swift */,
			);
			path = Extensions;
			sourceTree = "<group>";
		};
		3E5B13F82BDF32A70049ADD4 = {
			isa = PBXGroup;
			children = (
				3E5B14032BDF32A70049ADD4 /* Animalia */,
				3E5B14022BDF32A70049ADD4 /* Products */,
			);
			sourceTree = "<group>";
		};
		3E5B14022BDF32A70049ADD4 /* Products */ = {
			isa = PBXGroup;
			children = (
				3E5B14012BDF32A70049ADD4 /* Animalia.app */,
			);
			name = Products;
			sourceTree = "<group>";
		};
		3E5B14032BDF32A70049ADD4 /* Animalia */ = {
			isa = PBXGroup;
			children = (
				3ED97C6D2BE0904F00E7185A /* Helper */,
				3E5B14122BDF334E0049ADD4 /* App */,
				3E3D7E932BDF3986005857DD /* Extensions */,
				3E3D7E962BDF3FD2005857DD /* Info.plist */,
				3E5B14132BDF33550049ADD4 /* Main */,
				3E3D7E8C2BDF37A1005857DD /* Modules */,
				3E5B140A2BDF32A80049ADD4 /* Preview Content */,
				3E5B14142BDF335A0049ADD4 /* Resources */,
				3ED97C6A2BE08ED700E7185A /* Services */,
			);
			path = Animalia;
			sourceTree = "<group>";
		};
		3E5B140A2BDF32A80049ADD4 /* Preview Content */ = {
			isa = PBXGroup;
			children = (
				3E5B140B2BDF32A80049ADD4 /* Preview Assets.xcassets */,
			);
			path = "Preview Content";
			sourceTree = "<group>";
		};
		3E5B14122BDF334E0049ADD4 /* App */ = {
			isa = PBXGroup;
			children = (
				3E5B14042BDF32A70049ADD4 /* AnimaliaApp.swift */,
			);
			path = App;
			sourceTree = "<group>";
		};
		3E5B14132BDF33550049ADD4 /* Main */ = {
			isa = PBXGroup;
			children = (
				3E5B14062BDF32A70049ADD4 /* BrowseView.swift */,
				3ED97C562BDF60CF00E7185A /* MainView.swift */,
				3ED97C762BE098E900E7185A /* WatchView.swift */,
				3ED97C782BE09DD600E7185A /* GalleryView.swift */,
			);
			path = Main;
			sourceTree = "<group>";
		};
		3E5B14142BDF335A0049ADD4 /* Resources */ = {
			isa = PBXGroup;
			children = (
				3E5B14282BDF35DD0049ADD4 /* Video */,
				3E5B14192BDF35AF0049ADD4 /* Data */,
				3E5B14082BDF32A80049ADD4 /* Assets.xcassets */,
			);
			path = Resources;
			sourceTree = "<group>";
		};
		3E5B14192BDF35AF0049ADD4 /* Data */ = {
			isa = PBXGroup;
			children = (
				3E5B14152BDF35AF0049ADD4 /* animals.json */,
				3E5B14162BDF35AF0049ADD4 /* covers.json */,
				3E5B14172BDF35AF0049ADD4 /* locations.json */,
				3E5B14182BDF35AF0049ADD4 /* videos.json */,
			);
			path = Data;
			sourceTree = "<group>";
		};
		3E5B14282BDF35DD0049ADD4 /* Video */ = {
			isa = PBXGroup;
			children = (
				3E5B141E2BDF35DD0049ADD4 /* cheetah.mp4 */,
				3E5B141F2BDF35DD0049ADD4 /* elephant.mp4 */,
				3E5B14202BDF35DD0049ADD4 /* giraffe.mp4 */,
				3E5B14212BDF35DD0049ADD4 /* gorilla.mp4 */,
				3E5B14222BDF35DD0049ADD4 /* hippo.mp4 */,
				3E5B14232BDF35DD0049ADD4 /* lion.mp4 */,
				3E5B14242BDF35DD0049ADD4 /* lioness.mp4 */,
				3E5B14252BDF35DD0049ADD4 /* ostrich.mp4 */,
				3E5B14262BDF35DD0049ADD4 /* rhino.mp4 */,
				3E5B14272BDF35DD0049ADD4 /* zebra.mp4 */,
			);
			path = Video;
			sourceTree = "<group>";
		};
		3ED97C662BDF97A300E7185A /* SubView */ = {
			isa = PBXGroup;
			children = (
				3E3D7E8E2BDF37F3005857DD /* CoverImageView.swift */,
				3ED97C5C2BDF7F5A00E7185A /* InsetGalleryView.swift */,
				3ED97C5E2BDF829100E7185A /* InsetFactView.swift */,
				3ED97C602BDF8B4300E7185A /* InsetMapView.swift */,
				3ED97C5A2BDF7CBC00E7185A /* HeadingView.swift */,
				3ED97C642BDF946400E7185A /* ExternalWebLinkView.swift */,
			);
			path = SubView;
			sourceTree = "<group>";
		};
		3ED97C672BE08E0E00E7185A /* Watch */ = {
			isa = PBXGroup;
			children = (
				3ED97C722BE0920700E7185A /* VideoPlayerView.swift */,
				3ED97C742BE096A500E7185A /* VideoListItemView.swift */,
			);
			path = Watch;
			sourceTree = "<group>";
		};
		3ED97C682BE08E1900E7185A /* Browse */ = {
			isa = PBXGroup;
			children = (
				3ED97C662BDF97A300E7185A /* SubView */,
			);
			path = Browse;
			sourceTree = "<group>";
		};
		3ED97C692BE08E8200E7185A /* ViewModels */ = {
			isa = PBXGroup;
			children = (
			);
			path = ViewModels;
			sourceTree = "<group>";
		};
		3ED97C6A2BE08ED700E7185A /* Services */ = {
			isa = PBXGroup;
			children = (
			);
			path = Services;
			sourceTree = "<group>";
		};
		3ED97C6D2BE0904F00E7185A /* Helper */ = {
			isa = PBXGroup;
			children = (
				3ED97C702BE0909100E7185A /* VideoPlayerHelper.swift */,
			);
			path = Helper;
			sourceTree = "<group>";
		};
		3ED97C7A2BE09E0300E7185A /* Gallery */ = {
			isa = PBXGroup;
			children = (
				3ED97C7B2BE09E2D00E7185A /* MotionAnimationView.swift */,
			);
			path = Gallery;
			sourceTree = "<group>";
		};
/* End PBXGroup section */

/* Begin PBXNativeTarget section */
		3E5B14002BDF32A70049ADD4 /* Animalia */ = {
			isa = PBXNativeTarget;
			buildConfigurationList = 3E5B140F2BDF32A80049ADD4 /* Build configuration list for PBXNativeTarget "Animalia" */;
			buildPhases = (
				3E5B13FD2BDF32A70049ADD4 /* Sources */,
				3E5B13FE2BDF32A70049ADD4 /* Frameworks */,
				3E5B13FF2BDF32A70049ADD4 /* Resources */,
			);
			buildRules = (
			);
			dependencies = (
			);
			name = Animalia;
			productName = Animalia;
			productReference = 3E5B14012BDF32A70049ADD4 /* Animalia.app */;
			productType = "com.apple.product-type.application";
		};
/* End PBXNativeTarget section */

/* Begin PBXProject section */
		3E5B13F92BDF32A70049ADD4 /* Project object */ = {
			isa = PBXProject;
			attributes = {
				BuildIndependentTargetsInParallel = 1;
				LastSwiftUpdateCheck = 1530;
				LastUpgradeCheck = 1530;
				TargetAttributes = {
					3E5B14002BDF32A70049ADD4 = {
						CreatedOnToolsVersion = 15.3;
					};
				};
			};
			buildConfigurationList = 3E5B13FC2BDF32A70049ADD4 /* Build configuration list for PBXProject "Animalia" */;
			compatibilityVersion = "Xcode 14.0";
			developmentRegion = en;
			hasScannedForEncodings = 0;
			knownRegions = (
				en,
				Base,
			);
			mainGroup = 3E5B13F82BDF32A70049ADD4;
			productRefGroup = 3E5B14022BDF32A70049ADD4 /* Products */;
			projectDirPath = "";
			projectRoot = "";
			targets = (
				3E5B14002BDF32A70049ADD4 /* Animalia */,
			);
		};
/* End PBXProject section */

/* Begin PBXResourcesBuildPhase section */
		3E5B13FF2BDF32A70049ADD4 /* Resources */ = {
			isa = PBXResourcesBuildPhase;
			buildActionMask = 2147483647;
			files = (
				3E5B141A2BDF35AF0049ADD4 /* animals.json in Resources */,
				3E5B142E2BDF35DD0049ADD4 /* lion.mp4 in Resources */,
				3E5B142D2BDF35DD0049ADD4 /* hippo.mp4 in Resources */,
				3E5B14312BDF35DD0049ADD4 /* rhino.mp4 in Resources */,
				3E5B141B2BDF35AF0049ADD4 /* covers.json in Resources */,
				3E5B142F2BDF35DD0049ADD4 /* lioness.mp4 in Resources */,
				3E5B142C2BDF35DD0049ADD4 /* gorilla.mp4 in Resources */,
				3E5B141C2BDF35AF0049ADD4 /* locations.json in Resources */,
				3E5B140C2BDF32A80049ADD4 /* Preview Assets.xcassets in Resources */,
				3E5B14302BDF35DD0049ADD4 /* ostrich.mp4 in Resources */,
				3E5B142A2BDF35DD0049ADD4 /* elephant.mp4 in Resources */,
				3E5B14092BDF32A80049ADD4 /* Assets.xcassets in Resources */,
				3E5B14322BDF35DD0049ADD4 /* zebra.mp4 in Resources */,
				3E5B141D2BDF35AF0049ADD4 /* videos.json in Resources */,
				3E5B14292BDF35DD0049ADD4 /* cheetah.mp4 in Resources */,
				3E5B142B2BDF35DD0049ADD4 /* giraffe.mp4 in Resources */,
			);
			runOnlyForDeploymentPostprocessing = 0;
		};
/* End PBXResourcesBuildPhase section */

/* Begin PBXSourcesBuildPhase section */
		3E5B13FD2BDF32A70049ADD4 /* Sources */ = {
			isa = PBXSourcesBuildPhase;
			buildActionMask = 2147483647;
			files = (
				3ED97C5F2BDF829100E7185A /* InsetFactView.swift in Sources */,
				3ED97C592BDF774900E7185A /* AnimalDetailView.swift in Sources */,
				3E5B14072BDF32A70049ADD4 /* BrowseView.swift in Sources */,
				3ED97C632BDF8E2100E7185A /* CLLocation+Ext.swift in Sources */,
				3E3D7E982BDF43CA005857DD /* AnimalModel.swift in Sources */,
				3ED97C752BE096A500E7185A /* VideoListItemView.swift in Sources */,
				3ED97C712BE0909100E7185A /* VideoPlayerHelper.swift in Sources */,
				3E3D7E8F2BDF37F3005857DD /* CoverImageView.swift in Sources */,
				3ED97C572BDF60CF00E7185A /* MainView.swift in Sources */,
				3ED97C532BDF503700E7185A /* OctagonImageFrame.swift in Sources */,
				3E3D7E952BDF39D6005857DD /* Bundle+Ext.swift in Sources */,
				3ED97C5B2BDF7CBD00E7185A /* HeadingView.swift in Sources */,
				3E5B14052BDF32A70049ADD4 /* AnimaliaApp.swift in Sources */,
				3ED97C652BDF946400E7185A /* ExternalWebLinkView.swift in Sources */,
				3ED97C772BE098E900E7185A /* WatchView.swift in Sources */,
				3E3D7E922BDF38F1005857DD /* CoverImageModel.swift in Sources */,
				3ED97C792BE09DD600E7185A /* GalleryView.swift in Sources */,
				3ED97C6C2BE08F5C00E7185A /* VideoModel.swift in Sources */,
				3ED97C612BDF8B4300E7185A /* InsetMapView.swift in Sources */,
				3E3D7E9A2BDF44ED005857DD /* AnimalListItemView.swift in Sources */,
				3ED97C552BDF5D1C00E7185A /* AnimalGridItemView.swift in Sources */,
				3ED97C7C2BE09E2D00E7185A /* MotionAnimationView.swift in Sources */,
				3ED97C5D2BDF7F5A00E7185A /* InsetGalleryView.swift in Sources */,
				3ED97C732BE0920700E7185A /* VideoPlayerView.swift in Sources */,
			);
			runOnlyForDeploymentPostprocessing = 0;
		};
/* End PBXSourcesBuildPhase section */

/* Begin XCBuildConfiguration section */
		3E5B140D2BDF32A80049ADD4 /* Debug */ = {
			isa = XCBuildConfiguration;
			buildSettings = {
				ALWAYS_SEARCH_USER_PATHS = NO;
				ASSETCATALOG_COMPILER_GENERATE_SWIFT_ASSET_SYMBOL_EXTENSIONS = YES;
				CLANG_ANALYZER_NONNULL = YES;
				CLANG_ANALYZER_NUMBER_OBJECT_CONVERSION = YES_AGGRESSIVE;
				CLANG_CXX_LANGUAGE_STANDARD = "gnu++20";
				CLANG_ENABLE_MODULES = YES;
				CLANG_ENABLE_OBJC_ARC = YES;
				CLANG_ENABLE_OBJC_WEAK = YES;
				CLANG_WARN_BLOCK_CAPTURE_AUTORELEASING = YES;
				CLANG_WARN_BOOL_CONVERSION = YES;
				CLANG_WARN_COMMA = YES;
				CLANG_WARN_CONSTANT_CONVERSION = YES;
				CLANG_WARN_DEPRECATED_OBJC_IMPLEMENTATIONS = YES;
				CLANG_WARN_DIRECT_OBJC_ISA_USAGE = YES_ERROR;
				CLANG_WARN_DOCUMENTATION_COMMENTS = YES;
				CLANG_WARN_EMPTY_BODY = YES;
				CLANG_WARN_ENUM_CONVERSION = YES;
				CLANG_WARN_INFINITE_RECURSION = YES;
				CLANG_WARN_INT_CONVERSION = YES;
				CLANG_WARN_NON_LITERAL_NULL_CONVERSION = YES;
				CLANG_WARN_OBJC_IMPLICIT_RETAIN_SELF = YES;
				CLANG_WARN_OBJC_LITERAL_CONVERSION = YES;
				CLANG_WARN_OBJC_ROOT_CLASS = YES_ERROR;
				CLANG_WARN_QUOTED_INCLUDE_IN_FRAMEWORK_HEADER = YES;
				CLANG_WARN_RANGE_LOOP_ANALYSIS = YES;
				CLANG_WARN_STRICT_PROTOTYPES = YES;
				CLANG_WARN_SUSPICIOUS_MOVE = YES;
				CLANG_WARN_UNGUARDED_AVAILABILITY = YES_AGGRESSIVE;
				CLANG_WARN_UNREACHABLE_CODE = YES;
				CLANG_WARN__DUPLICATE_METHOD_MATCH = YES;
				COPY_PHASE_STRIP = NO;
				DEBUG_INFORMATION_FORMAT = dwarf;
				ENABLE_STRICT_OBJC_MSGSEND = YES;
				ENABLE_TESTABILITY = YES;
				ENABLE_USER_SCRIPT_SANDBOXING = YES;
				GCC_C_LANGUAGE_STANDARD = gnu17;
				GCC_DYNAMIC_NO_PIC = NO;
				GCC_NO_COMMON_BLOCKS = YES;
				GCC_OPTIMIZATION_LEVEL = 0;
				GCC_PREPROCESSOR_DEFINITIONS = (
					"DEBUG=1",
					"$(inherited)",
				);
				GCC_WARN_64_TO_32_BIT_CONVERSION = YES;
				GCC_WARN_ABOUT_RETURN_TYPE = YES_ERROR;
				GCC_WARN_UNDECLARED_SELECTOR = YES;
				GCC_WARN_UNINITIALIZED_AUTOS = YES_AGGRESSIVE;
				GCC_WARN_UNUSED_FUNCTION = YES;
				GCC_WARN_UNUSED_VARIABLE = YES;
				IPHONEOS_DEPLOYMENT_TARGET = 17.4;
				LOCALIZATION_PREFERS_STRING_CATALOGS = YES;
				MTL_ENABLE_DEBUG_INFO = INCLUDE_SOURCE;
				MTL_FAST_MATH = YES;
				ONLY_ACTIVE_ARCH = YES;
				SDKROOT = iphoneos;
				SWIFT_ACTIVE_COMPILATION_CONDITIONS = "DEBUG $(inherited)";
				SWIFT_OPTIMIZATION_LEVEL = "-Onone";
			};
			name = Debug;
		};
		3E5B140E2BDF32A80049ADD4 /* Release */ = {
			isa = XCBuildConfiguration;
			buildSettings = {
				ALWAYS_SEARCH_USER_PATHS = NO;
				ASSETCATALOG_COMPILER_GENERATE_SWIFT_ASSET_SYMBOL_EXTENSIONS = YES;
				CLANG_ANALYZER_NONNULL = YES;
				CLANG_ANALYZER_NUMBER_OBJECT_CONVERSION = YES_AGGRESSIVE;
				CLANG_CXX_LANGUAGE_STANDARD = "gnu++20";
				CLANG_ENABLE_MODULES = YES;
				CLANG_ENABLE_OBJC_ARC = YES;
				CLANG_ENABLE_OBJC_WEAK = YES;
				CLANG_WARN_BLOCK_CAPTURE_AUTORELEASING = YES;
				CLANG_WARN_BOOL_CONVERSION = YES;
				CLANG_WARN_COMMA = YES;
				CLANG_WARN_CONSTANT_CONVERSION = YES;
				CLANG_WARN_DEPRECATED_OBJC_IMPLEMENTATIONS = YES;
				CLANG_WARN_DIRECT_OBJC_ISA_USAGE = YES_ERROR;
				CLANG_WARN_DOCUMENTATION_COMMENTS = YES;
				CLANG_WARN_EMPTY_BODY = YES;
				CLANG_WARN_ENUM_CONVERSION = YES;
				CLANG_WARN_INFINITE_RECURSION = YES;
				CLANG_WARN_INT_CONVERSION = YES;
				CLANG_WARN_NON_LITERAL_NULL_CONVERSION = YES;
				CLANG_WARN_OBJC_IMPLICIT_RETAIN_SELF = YES;
				CLANG_WARN_OBJC_LITERAL_CONVERSION = YES;
				CLANG_WARN_OBJC_ROOT_CLASS = YES_ERROR;
				CLANG_WARN_QUOTED_INCLUDE_IN_FRAMEWORK_HEADER = YES;
				CLANG_WARN_RANGE_LOOP_ANALYSIS = YES;
				CLANG_WARN_STRICT_PROTOTYPES = YES;
				CLANG_WARN_SUSPICIOUS_MOVE = YES;
				CLANG_WARN_UNGUARDED_AVAILABILITY = YES_AGGRESSIVE;
				CLANG_WARN_UNREACHABLE_CODE = YES;
				CLANG_WARN__DUPLICATE_METHOD_MATCH = YES;
				COPY_PHASE_STRIP = NO;
				DEBUG_INFORMATION_FORMAT = "dwarf-with-dsym";
				ENABLE_NS_ASSERTIONS = NO;
				ENABLE_STRICT_OBJC_MSGSEND = YES;
				ENABLE_USER_SCRIPT_SANDBOXING = YES;
				GCC_C_LANGUAGE_STANDARD = gnu17;
				GCC_NO_COMMON_BLOCKS = YES;
				GCC_WARN_64_TO_32_BIT_CONVERSION = YES;
				GCC_WARN_ABOUT_RETURN_TYPE = YES_ERROR;
				GCC_WARN_UNDECLARED_SELECTOR = YES;
				GCC_WARN_UNINITIALIZED_AUTOS = YES_AGGRESSIVE;
				GCC_WARN_UNUSED_FUNCTION = YES;
				GCC_WARN_UNUSED_VARIABLE = YES;
				IPHONEOS_DEPLOYMENT_TARGET = 17.4;
				LOCALIZATION_PREFERS_STRING_CATALOGS = YES;
				MTL_ENABLE_DEBUG_INFO = NO;
				MTL_FAST_MATH = YES;
				SDKROOT = iphoneos;
				SWIFT_COMPILATION_MODE = wholemodule;
				VALIDATE_PRODUCT = YES;
			};
			name = Release;
		};
		3E5B14102BDF32A80049ADD4 /* Debug */ = {
			isa = XCBuildConfiguration;
			buildSettings = {
				ASSETCATALOG_COMPILER_APPICON_NAME = AppIcon;
				ASSETCATALOG_COMPILER_GLOBAL_ACCENT_COLOR_NAME = AccentColor;
				CODE_SIGN_STYLE = Automatic;
				CURRENT_PROJECT_VERSION = 1;
				DEVELOPMENT_ASSET_PATHS = "\"Animalia/Preview Content\"";
				ENABLE_PREVIEWS = YES;
				GENERATE_INFOPLIST_FILE = YES;
				INFOPLIST_FILE = Animalia/Info.plist;
				INFOPLIST_KEY_UIApplicationSceneManifest_Generation = YES;
				INFOPLIST_KEY_UIApplicationSupportsIndirectInputEvents = YES;
				INFOPLIST_KEY_UISupportedInterfaceOrientations_iPad = "UIInterfaceOrientationPortrait UIInterfaceOrientationPortraitUpsideDown UIInterfaceOrientationLandscapeLeft UIInterfaceOrientationLandscapeRight";
				INFOPLIST_KEY_UISupportedInterfaceOrientations_iPhone = "UIInterfaceOrientationPortrait UIInterfaceOrientationLandscapeLeft UIInterfaceOrientationLandscapeRight";
				INFOPLIST_KEY_UIUserInterfaceStyle = Dark;
				IPHONEOS_DEPLOYMENT_TARGET = 17.0;
				LD_RUNPATH_SEARCH_PATHS = (
					"$(inherited)",
					"@executable_path/Frameworks",
				);
				MARKETING_VERSION = 1.0;
				PRODUCT_BUNDLE_IDENTIFIER = com.bcas.Animalia;
				PRODUCT_NAME = "$(TARGET_NAME)";
				SWIFT_EMIT_LOC_STRINGS = YES;
				SWIFT_VERSION = 5.0;
				TARGETED_DEVICE_FAMILY = "1,2";
			};
			name = Debug;
		};
		3E5B14112BDF32A80049ADD4 /* Release */ = {
			isa = XCBuildConfiguration;
			buildSettings = {
				ASSETCATALOG_COMPILER_APPICON_NAME = AppIcon;
				ASSETCATALOG_COMPILER_GLOBAL_ACCENT_COLOR_NAME = AccentColor;
				CODE_SIGN_STYLE = Automatic;
				CURRENT_PROJECT_VERSION = 1;
				DEVELOPMENT_ASSET_PATHS = "\"Animalia/Preview Content\"";
				ENABLE_PREVIEWS = YES;
				GENERATE_INFOPLIST_FILE = YES;
				INFOPLIST_FILE = Animalia/Info.plist;
				INFOPLIST_KEY_UIApplicationSceneManifest_Generation = YES;
				INFOPLIST_KEY_UIApplicationSupportsIndirectInputEvents = YES;
				INFOPLIST_KEY_UISupportedInterfaceOrientations_iPad = "UIInterfaceOrientationPortrait UIInterfaceOrientationPortraitUpsideDown UIInterfaceOrientationLandscapeLeft UIInterfaceOrientationLandscapeRight";
				INFOPLIST_KEY_UISupportedInterfaceOrientations_iPhone = "UIInterfaceOrientationPortrait UIInterfaceOrientationLandscapeLeft UIInterfaceOrientationLandscapeRight";
				INFOPLIST_KEY_UIUserInterfaceStyle = Dark;
				IPHONEOS_DEPLOYMENT_TARGET = 17.0;
				LD_RUNPATH_SEARCH_PATHS = (
					"$(inherited)",
					"@executable_path/Frameworks",
				);
				MARKETING_VERSION = 1.0;
				PRODUCT_BUNDLE_IDENTIFIER = com.bcas.Animalia;
				PRODUCT_NAME = "$(TARGET_NAME)";
				SWIFT_EMIT_LOC_STRINGS = YES;
				SWIFT_VERSION = 5.0;
				TARGETED_DEVICE_FAMILY = "1,2";
			};
			name = Release;
		};
/* End XCBuildConfiguration section */

/* Begin XCConfigurationList section */
		3E5B13FC2BDF32A70049ADD4 /* Build configuration list for PBXProject "Animalia" */ = {
			isa = XCConfigurationList;
			buildConfigurations = (
				3E5B140D2BDF32A80049ADD4 /* Debug */,
				3E5B140E2BDF32A80049ADD4 /* Release */,
			);
			defaultConfigurationIsVisible = 0;
			defaultConfigurationName = Release;
		};
		3E5B140F2BDF32A80049ADD4 /* Build configuration list for PBXNativeTarget "Animalia" */ = {
			isa = XCConfigurationList;
			buildConfigurations = (
				3E5B14102BDF32A80049ADD4 /* Debug */,
				3E5B14112BDF32A80049ADD4 /* Release */,
			);
			defaultConfigurationIsVisible = 0;
			defaultConfigurationName = Release;
		};
/* End XCConfigurationList section */
	};
	rootObject = 3E5B13F92BDF32A70049ADD4 /* Project object */;
}
